
Microsoft Visual Studio Solution File, Format Version 12.00
# Visual Studio Version 16
VisualStudioVersion = 16.0.28809.33
MinimumVisualStudioVersion = 10.0.40219.1
Project("{FAE04EC0-301F-11D3-BF4B-00C04F79EFBC}") = "XamlMarkupExtensionsDemo", "XamlMarkupExtensionsDemo\XamlMarkupExtensionsDemo.csproj", "{2EF81FAB-A8F4-424C-B543-B9686A6408BD}"
EndProject
Global
	GlobalSection(SolutionConfigurationPlatforms) = preSolution
		Debug|ARM = Debug|ARM
		Debug|ARM64 = Debug|ARM64
		Debug|x64 = Debug|x64
		Debug|x86 = Debug|x86
		Release|ARM = Release|ARM
		Release|ARM64 = Release|ARM64
		Release|x64 = Release|x64
		Release|x86 = Release|x86
	EndGlobalSection
	GlobalSection(ProjectConfigurationPlatforms) = postSolution
		{2EF81FAB-A8F4-424C-B543-B9686A6408BD}.Debug|ARM.ActiveCfg = Debug|ARM
		{2EF81FAB-A8F4-424C-B543-B9686A6408BD}.Debug|ARM.Build.0 = Debug|ARM
		{2EF81FAB-A8F4-424C-B543-B9686A6408BD}.Debug|ARM.Deploy.0 = Debug|ARM
		{2EF81FAB-A8F4-424C-B543-B9686A6408BD}.Debug|ARM64.ActiveCfg = Debug|ARM64
		{2EF81FAB-A8F4-424C-B543-B9686A6408BD}.Debug|ARM64.Build.0 = Debug|ARM64
		{2EF81FAB-A8F4-424C-B543-B9686A6408BD}.Debug|ARM64.Deploy.0 = Debug|ARM64
		{2EF81FAB-A8F4-424C-B543-B9686A6408BD}.Debug|x64.ActiveCfg = Debug|x64
		{2EF81FAB-A8F4-424C-B543-B9686A6408BD}.Debug|x64.Build.0 = Debug|x64
		{2EF81FAB-A8F4-424C-B543-B9686A6408BD}.Debug|x64.Deploy.0 = Debug|x64
		{2EF81FAB-A8F4-424C-B543-B9686A6408BD}.Debug|x86.ActiveCfg = Debug|x86
		{2EF81FAB-A8F4-424C-B543-B9686A6408BD}.Debug|x86.Build.0 = Debug|x86
		{2EF81FAB-A8F4-424C-B543-B9686A6408BD}.Debug|x86.Deploy.0 = Debug|x86
		{2EF81FAB-A8F4-424C-B543-B9686A6408BD}.Release|ARM.ActiveCfg = Release|ARM
		{2EF81FAB-A8F4-424C-B543-B9686A6408BD}.Release|ARM.Build.0 = Release|ARM
		{2EF81FAB-A8F4-424C-B543-B9686A6408BD}.Release|ARM.Deploy.0 = Release|ARM
		{2EF81FAB-A8F4-424C-B543-B9686A6408BD}.Release|ARM64.ActiveCfg = Release|ARM64
		{2EF81FAB-A8F4-424C-B543-B9686A6408BD}.Release|ARM64.Build.0 = Release|ARM64
		{2EF81FAB-A8F4-424C-B543-B9686A6408BD}.Release|ARM64.Deploy.0 = Release|ARM64
		{2EF81FAB-A8F4-424C-B543-B9686A6408BD}.Release|x64.ActiveCfg = Release|x64
		{2EF81FAB-A8F4-424C-B543-B9686A6408BD}.Release|x64.Build.0 = Release|x64
		{2EF81FAB-A8F4-424C-B543-B9686A6408BD}.Release|x64.Deploy.0 = Release|x64
		{2EF81FAB-A8F4-424C-B543-B9686A6408BD}.Release|x86.ActiveCfg = Release|x86
		{2EF81FAB-A8F4-424C-B543-B9686A6408BD}.Release|x86.Build.0 = Release|x86
		{2EF81FAB-A8F4-424C-B543-B9686A6408BD}.Release|x86.Deploy.0 = Release|x86
	EndGlobalSection
	GlobalSection(SolutionProperties) = preSolution
		HideSolutionNode = FALSE
	EndGlobalSection
	GlobalSection(ExtensibilityGlobals) = postSolution
		SolutionGuid = {3EEE374A-026E-4A5F-BB67-D6A4BFBE729D}
	EndGlobalSection
EndGlobal
